
Microsoft Visual Studio Solution File, Format Version 12.00
# Visual Studio Version 16
VisualStudioVersion = 16.0.30011.22
MinimumVisualStudioVersion = 10.0.40219.1
Project("{FAE04EC0-301F-11D3-BF4B-00C04F79EFBC}") = "KNXcontrol.Android", "KNXcontrol.Android\KNXcontrol.Android.csproj", "{E08DE6FF-D97A-4EB0-BE4B-9CB49EFAE719}"
EndProject
Project("{9A19103F-16F7-4668-BE54-9A1E7A4F7556}") = "KNXcontrol", "KNXcontrol\KNXcontrol.csproj", "{AC0235FA-1D09-4FE0-99E0-FB48E1919FA3}"
EndProject
Project("{9A19103F-16F7-4668-BE54-9A1E7A4F7556}") = "ConnectorModule", "ConnectorModule\ConnectorModule.csproj", "{97DB4CE1-B6AA-4E41-8CA2-D720ABEEF385}"
EndProject
Project("{9A19103F-16F7-4668-BE54-9A1E7A4F7556}") = "Model", "Classes\Model.csproj", "{9A204A4E-E10F-43D5-B39B-A5FCD3E926B0}"
EndProject
Project("{2150E333-8FDC-42A3-9474-1A3956D46DE8}") = "Solution Items", "Solution Items", "{F1BA9DD4-1B70-4DD4-93AE-AC0C7E7244E2}"
	ProjectSection(SolutionItems) = preProject
		.editorconfig = .editorconfig
	EndProjectSection
EndProject
Global
	GlobalSection(SolutionConfigurationPlatforms) = preSolution
		Debug|Any CPU = Debug|Any CPU
		Release|Any CPU = Release|Any CPU
	EndGlobalSection
	GlobalSection(ProjectConfigurationPlatforms) = postSolution
		{E08DE6FF-D97A-4EB0-BE4B-9CB49EFAE719}.Debug|Any CPU.ActiveCfg = Debug|Any CPU
		{E08DE6FF-D97A-4EB0-BE4B-9CB49EFAE719}.Debug|Any CPU.Build.0 = Debug|Any CPU
		{E08DE6FF-D97A-4EB0-BE4B-9CB49EFAE719}.Debug|Any CPU.Deploy.0 = Debug|Any CPU
		{E08DE6FF-D97A-4EB0-BE4B-9CB49EFAE719}.Release|Any CPU.ActiveCfg = Release|Any CPU
		{E08DE6FF-D97A-4EB0-BE4B-9CB49EFAE719}.Release|Any CPU.Build.0 = Release|Any CPU
		{E08DE6FF-D97A-4EB0-BE4B-9CB49EFAE719}.Release|Any CPU.Deploy.0 = Release|Any CPU
		{AC0235FA-1D09-4FE0-99E0-FB48E1919FA3}.Debug|Any CPU.ActiveCfg = Debug|Any CPU
		{AC0235FA-1D09-4FE0-99E0-FB48E1919FA3}.Debug|Any CPU.Build.0 = Debug|Any CPU
		{AC0235FA-1D09-4FE0-99E0-FB48E1919FA3}.Debug|Any CPU.Deploy.0 = Debug|Any CPU
		{AC0235FA-1D09-4FE0-99E0-FB48E1919FA3}.Release|Any CPU.ActiveCfg = Release|Any CPU
		{AC0235FA-1D09-4FE0-99E0-FB48E1919FA3}.Release|Any CPU.Build.0 = Release|Any CPU
		{AC0235FA-1D09-4FE0-99E0-FB48E1919FA3}.Release|Any CPU.Deploy.0 = Release|Any CPU
		{97DB4CE1-B6AA-4E41-8CA2-D720ABEEF385}.Debug|Any CPU.ActiveCfg = Debug|Any CPU
		{97DB4CE1-B6AA-4E41-8CA2-D720ABEEF385}.Debug|Any CPU.Build.0 = Debug|Any CPU
		{97DB4CE1-B6AA-4E41-8CA2-D720ABEEF385}.Release|Any CPU.ActiveCfg = Release|Any CPU
		{97DB4CE1-B6AA-4E41-8CA2-D720ABEEF385}.Release|Any CPU.Build.0 = Release|Any CPU
		{9A204A4E-E10F-43D5-B39B-A5FCD3E926B0}.Debug|Any CPU.ActiveCfg = Debug|Any CPU
		{9A204A4E-E10F-43D5-B39B-A5FCD3E926B0}.Debug|Any CPU.Build.0 = Debug|Any CPU
		{9A204A4E-E10F-43D5-B39B-A5FCD3E926B0}.Release|Any CPU.ActiveCfg = Release|Any CPU
		{9A204A4E-E10F-43D5-B39B-A5FCD3E926B0}.Release|Any CPU.Build.0 = Release|Any CPU
	EndGlobalSection
	GlobalSection(SolutionProperties) = preSolution
		HideSolutionNode = FALSE
	EndGlobalSection
	GlobalSection(ExtensibilityGlobals) = postSolution
		SolutionGuid = {8934EA8A-240B-48B4-94DB-A7F6DE3F3798}
	EndGlobalSection
EndGlobal
